
Microsoft Visual Studio Solution File, Format Version 12.00
# Visual Studio Version 16
VisualStudioVersion = 16.0.31112.23
MinimumVisualStudioVersion = 10.0.40219.1
Project("{FAE04EC0-301F-11D3-BF4B-00C04F79EFBC}") = "ConsoleApp2", "ConsoleApp2\ConsoleApp2.csproj", "{07159D9B-31C4-4400-BFEF-01A89B0B2FAD}"
EndProject
Global
	GlobalSection(SolutionConfigurationPlatforms) = preSolution
		Debug|Any CPU = Debug|Any CPU
		Release|Any CPU = Release|Any CPU
	EndGlobalSection
	GlobalSection(ProjectConfigurationPlatforms) = postSolution
		{07159D9B-31C4-4400-BFEF-01A89B0B2FAD}.Debug|Any CPU.ActiveCfg = Debug|Any CPU
		{07159D9B-31C4-4400-BFEF-01A89B0B2FAD}.Debug|Any CPU.Build.0 = Debug|Any CPU
		{07159D9B-31C4-4400-BFEF-01A89B0B2FAD}.Release|Any CPU.ActiveCfg = Release|Any CPU
		{07159D9B-31C4-4400-BFEF-01A89B0B2FAD}.Release|Any CPU.Build.0 = Release|Any CPU
	EndGlobalSection
	GlobalSection(SolutionProperties) = preSolution
		HideSolutionNode = FALSE
	EndGlobalSection
	GlobalSection(ExtensibilityGlobals) = postSolution
		SolutionGuid = {E16F61F8-0ED4-4904-9660-DEE94C75ED75}
	EndGlobalSection
EndGlobal
